
Microsoft Visual Studio Solution File, Format Version 12.00
# Visual Studio Version 17
VisualStudioVersion = 17.6.33815.320
MinimumVisualStudioVersion = 10.0.40219.1
Project("{9A19103F-16F7-4668-BE54-9A1E7A4F7556}") = "ProvaRemota.API", "ProvaRemota.API\ProvaRemota.API.csproj", "{122856AC-FEB7-4FBC-9DE6-F754FEFD2463}"
EndProject
Project("{9A19103F-16F7-4668-BE54-9A1E7A4F7556}") = "ProvaRemota.Domain", "ProvaRemota.Domain\ProvaRemota.Domain.csproj", "{4770350D-4E41-4E47-8F09-D706592A9DFF}"
EndProject
Project("{9A19103F-16F7-4668-BE54-9A1E7A4F7556}") = "ProvaRemota.Services", "ProvaRemota.Services\ProvaRemota.Services.csproj", "{865D75E5-1EB9-41FD-935A-5414E16F518B}"
EndProject
Project("{9A19103F-16F7-4668-BE54-9A1E7A4F7556}") = "ProvaRemota.Repository", "ProvaRemota.Repository\ProvaRemota.Repository.csproj", "{94450BB0-4563-4F0F-8324-A5063B4C12C7}"
EndProject
Global
	GlobalSection(SolutionConfigurationPlatforms) = preSolution
		Debug|Any CPU = Debug|Any CPU
		Release|Any CPU = Release|Any CPU
	EndGlobalSection
	GlobalSection(ProjectConfigurationPlatforms) = postSolution
		{122856AC-FEB7-4FBC-9DE6-F754FEFD2463}.Debug|Any CPU.ActiveCfg = Debug|Any CPU
		{122856AC-FEB7-4FBC-9DE6-F754FEFD2463}.Debug|Any CPU.Build.0 = Debug|Any CPU
		{122856AC-FEB7-4FBC-9DE6-F754FEFD2463}.Release|Any CPU.ActiveCfg = Release|Any CPU
		{122856AC-FEB7-4FBC-9DE6-F754FEFD2463}.Release|Any CPU.Build.0 = Release|Any CPU
		{4770350D-4E41-4E47-8F09-D706592A9DFF}.Debug|Any CPU.ActiveCfg = Debug|Any CPU
		{4770350D-4E41-4E47-8F09-D706592A9DFF}.Debug|Any CPU.Build.0 = Debug|Any CPU
		{4770350D-4E41-4E47-8F09-D706592A9DFF}.Release|Any CPU.ActiveCfg = Release|Any CPU
		{4770350D-4E41-4E47-8F09-D706592A9DFF}.Release|Any CPU.Build.0 = Release|Any CPU
		{865D75E5-1EB9-41FD-935A-5414E16F518B}.Debug|Any CPU.ActiveCfg = Debug|Any CPU
		{865D75E5-1EB9-41FD-935A-5414E16F518B}.Debug|Any CPU.Build.0 = Debug|Any CPU
		{865D75E5-1EB9-41FD-935A-5414E16F518B}.Release|Any CPU.ActiveCfg = Release|Any CPU
		{865D75E5-1EB9-41FD-935A-5414E16F518B}.Release|Any CPU.Build.0 = Release|Any CPU
		{94450BB0-4563-4F0F-8324-A5063B4C12C7}.Debug|Any CPU.ActiveCfg = Debug|Any CPU
		{94450BB0-4563-4F0F-8324-A5063B4C12C7}.Debug|Any CPU.Build.0 = Debug|Any CPU
		{94450BB0-4563-4F0F-8324-A5063B4C12C7}.Release|Any CPU.ActiveCfg = Release|Any CPU
		{94450BB0-4563-4F0F-8324-A5063B4C12C7}.Release|Any CPU.Build.0 = Release|Any CPU
	EndGlobalSection
	GlobalSection(SolutionProperties) = preSolution
		HideSolutionNode = FALSE
	EndGlobalSection
	GlobalSection(ExtensibilityGlobals) = postSolution
		SolutionGuid = {B326EE15-E6BC-45F6-9521-4342E4636A92}
	EndGlobalSection
EndGlobal
